
Microsoft Visual Studio Solution File, Format Version 12.00
Project("{FAE04EC0-301F-11D3-BF4B-00C04F79EFBC}") = "SuperEvents", "SuperEvents\SuperEvents.csproj", "{A32186D9-C681-43D8-86CE-C71443634AC8}"
EndProject
Project("{FAE04EC0-301F-11D3-BF4B-00C04F79EFBC}") = "SuperCallouts2", "SuperCallouts2\SuperCallouts2.csproj", "{6D43CF3C-4E95-4DFF-8F49-64E4633EF793}"
EndProject
Project("{FAE04EC0-301F-11D3-BF4B-00C04F79EFBC}") = "SuperEvents2", "SuperEvents2\SuperEvents2.csproj", "{8F8EF7EA-0500-4243-A0CD-2C5013197AA5}"
EndProject
Project("{FAE04EC0-301F-11D3-BF4B-00C04F79EFBC}") = "DeadlyWeapons2", "DeadlyWeapons2\DeadlyWeapons2.csproj", "{7E461B22-8190-4526-85C8-F507E9E3758B}"
EndProject
Project("{FAE04EC0-301F-11D3-BF4B-00C04F79EFBC}") = "TurnOffThatEngine", "TurnOffThatEngine\TurnOffThatEngine.csproj", "{A480B054-7630-459D-B63A-78D2AC11B385}"
EndProject
Global
	GlobalSection(SolutionConfigurationPlatforms) = preSolution
		Debug|Any CPU = Debug|Any CPU
		Release|Any CPU = Release|Any CPU
	EndGlobalSection
	GlobalSection(ProjectConfigurationPlatforms) = postSolution
		{A32186D9-C681-43D8-86CE-C71443634AC8}.Debug|Any CPU.ActiveCfg = Debug|Any CPU
		{A32186D9-C681-43D8-86CE-C71443634AC8}.Debug|Any CPU.Build.0 = Debug|Any CPU
		{A32186D9-C681-43D8-86CE-C71443634AC8}.Release|Any CPU.ActiveCfg = Release|Any CPU
		{A32186D9-C681-43D8-86CE-C71443634AC8}.Release|Any CPU.Build.0 = Release|Any CPU
		{6D43CF3C-4E95-4DFF-8F49-64E4633EF793}.Debug|Any CPU.ActiveCfg = Debug|Any CPU
		{6D43CF3C-4E95-4DFF-8F49-64E4633EF793}.Debug|Any CPU.Build.0 = Debug|Any CPU
		{6D43CF3C-4E95-4DFF-8F49-64E4633EF793}.Release|Any CPU.ActiveCfg = Release|Any CPU
		{6D43CF3C-4E95-4DFF-8F49-64E4633EF793}.Release|Any CPU.Build.0 = Release|Any CPU
		{8F8EF7EA-0500-4243-A0CD-2C5013197AA5}.Debug|Any CPU.ActiveCfg = Debug|Any CPU
		{8F8EF7EA-0500-4243-A0CD-2C5013197AA5}.Debug|Any CPU.Build.0 = Debug|Any CPU
		{8F8EF7EA-0500-4243-A0CD-2C5013197AA5}.Release|Any CPU.ActiveCfg = Release|Any CPU
		{8F8EF7EA-0500-4243-A0CD-2C5013197AA5}.Release|Any CPU.Build.0 = Release|Any CPU
		{7E461B22-8190-4526-85C8-F507E9E3758B}.Debug|Any CPU.ActiveCfg = Debug|Any CPU
		{7E461B22-8190-4526-85C8-F507E9E3758B}.Debug|Any CPU.Build.0 = Debug|Any CPU
		{7E461B22-8190-4526-85C8-F507E9E3758B}.Release|Any CPU.ActiveCfg = Release|Any CPU
		{7E461B22-8190-4526-85C8-F507E9E3758B}.Release|Any CPU.Build.0 = Release|Any CPU
		{A480B054-7630-459D-B63A-78D2AC11B385}.Debug|Any CPU.ActiveCfg = Debug|Any CPU
		{A480B054-7630-459D-B63A-78D2AC11B385}.Debug|Any CPU.Build.0 = Debug|Any CPU
		{A480B054-7630-459D-B63A-78D2AC11B385}.Release|Any CPU.ActiveCfg = Release|Any CPU
		{A480B054-7630-459D-B63A-78D2AC11B385}.Release|Any CPU.Build.0 = Release|Any CPU
	EndGlobalSection
EndGlobal
