
Microsoft Visual Studio Solution File, Format Version 12.00
Project("{FAE04EC0-301F-11D3-BF4B-00C04F79EFBC}") = "SuperEvents", "SuperEvents\SuperEvents.csproj", "{11D9E1E0-89EF-412A-A862-2BA03B77C999}"
EndProject
Project("{FAE04EC0-301F-11D3-BF4B-00C04F79EFBC}") = "SuperCallouts", "SuperCallouts\SuperCallouts.csproj", "{17F8DC9A-3688-4867-AB8A-C9E65FCEA06E}"
EndProject
Global
	GlobalSection(SolutionConfigurationPlatforms) = preSolution
		Debug|Any CPU = Debug|Any CPU
		Release|Any CPU = Release|Any CPU
	EndGlobalSection
	GlobalSection(ProjectConfigurationPlatforms) = postSolution
		{11D9E1E0-89EF-412A-A862-2BA03B77C999}.Release|Any CPU.ActiveCfg = Release|Any CPU
		{11D9E1E0-89EF-412A-A862-2BA03B77C999}.Release|Any CPU.Build.0 = Release|Any CPU
		{11D9E1E0-89EF-412A-A862-2BA03B77C999}.Debug|Any CPU.ActiveCfg = Release|Any CPU
		{11D9E1E0-89EF-412A-A862-2BA03B77C999}.Debug|Any CPU.Build.0 = Release|Any CPU
		{17F8DC9A-3688-4867-AB8A-C9E65FCEA06E}.Release|Any CPU.ActiveCfg = Release|Any CPU
		{17F8DC9A-3688-4867-AB8A-C9E65FCEA06E}.Release|Any CPU.Build.0 = Release|Any CPU
		{17F8DC9A-3688-4867-AB8A-C9E65FCEA06E}.Debug|Any CPU.ActiveCfg = Release|Any CPU
		{17F8DC9A-3688-4867-AB8A-C9E65FCEA06E}.Debug|Any CPU.Build.0 = Release|Any CPU
	EndGlobalSection
EndGlobal
